
Microsoft Visual Studio Solution File, Format Version 12.00
# Visual Studio Version 16
VisualStudioVersion = 16.0.32106.194
MinimumVisualStudioVersion = 10.0.40219.1
Project("{FAE04EC0-301F-11D3-BF4B-00C04F79EFBC}") = "Chuong1", "Chuong1\Chuong1.csproj", "{2268E2D5-2151-475F-B4D5-A75772CACDB4}"
EndProject
Global
	GlobalSection(SolutionConfigurationPlatforms) = preSolution
		Debug|Any CPU = Debug|Any CPU
		Release|Any CPU = Release|Any CPU
	EndGlobalSection
	GlobalSection(ProjectConfigurationPlatforms) = postSolution
		{2268E2D5-2151-475F-B4D5-A75772CACDB4}.Debug|Any CPU.ActiveCfg = Debug|Any CPU
		{2268E2D5-2151-475F-B4D5-A75772CACDB4}.Debug|Any CPU.Build.0 = Debug|Any CPU
		{2268E2D5-2151-475F-B4D5-A75772CACDB4}.Release|Any CPU.ActiveCfg = Release|Any CPU
		{2268E2D5-2151-475F-B4D5-A75772CACDB4}.Release|Any CPU.Build.0 = Release|Any CPU
	EndGlobalSection
	GlobalSection(SolutionProperties) = preSolution
		HideSolutionNode = FALSE
	EndGlobalSection
	GlobalSection(ExtensibilityGlobals) = postSolution
		SolutionGuid = {84BC1FCF-9663-46B1-A803-DF4A8A4D3965}
	EndGlobalSection
EndGlobal
